
Microsoft Visual Studio Solution File, Format Version 12.00
# Visual Studio 14
VisualStudioVersion = 14.0.25420.1
MinimumVisualStudioVersion = 10.0.40219.1
Project("{FAE04EC0-301F-11D3-BF4B-00C04F79EFBC}") = "Problem1", "Problem1\Problem1.csproj", "{E7B53A2F-1A05-451D-A377-0A6C45C5258E}"
EndProject
Project("{FAE04EC0-301F-11D3-BF4B-00C04F79EFBC}") = "Problem2", "Problem2\Problem2.csproj", "{FA4BA829-51A8-4B6D-93D1-0E5CC46220E2}"
EndProject
Project("{FAE04EC0-301F-11D3-BF4B-00C04F79EFBC}") = "Problem3", "Problem3\Problem3.csproj", "{C2557B57-6D34-4782-8B41-10F1EA74AA1B}"
EndProject
Project("{FAE04EC0-301F-11D3-BF4B-00C04F79EFBC}") = "Problem4", "Problem4\Problem4.csproj", "{6AF19BE4-9A72-41F9-9171-6212DE2357E4}"
EndProject
Project("{FAE04EC0-301F-11D3-BF4B-00C04F79EFBC}") = "Problem5", "Problem5\Problem5.csproj", "{C0FCCEE8-8D0B-497C-A656-6D7C0418B455}"
EndProject
Project("{FAE04EC0-301F-11D3-BF4B-00C04F79EFBC}") = "Problem6", "Problem6\Problem6.csproj", "{366A1A5A-7004-48EA-AD8B-07B49D74A170}"
EndProject
Project("{FAE04EC0-301F-11D3-BF4B-00C04F79EFBC}") = "Problem7", "Problem7\Problem7.csproj", "{A6BF2E77-97DE-4BD7-A58D-2862EFCE9826}"
EndProject
Project("{FAE04EC0-301F-11D3-BF4B-00C04F79EFBC}") = "Problem8", "Problem8\Problem8.csproj", "{C1FEEC24-5F29-4359-934E-3AC66B9D6366}"
EndProject
Project("{FAE04EC0-301F-11D3-BF4B-00C04F79EFBC}") = "Problem9", "Problem9\Problem9.csproj", "{0A1857FD-801C-40B6-A5F5-6F13E22A7AD1}"
EndProject
Project("{FAE04EC0-301F-11D3-BF4B-00C04F79EFBC}") = "Problem10", "Problem10\Problem10.csproj", "{196F19A4-B456-4D91-9403-E710F15D5688}"
EndProject
Project("{FAE04EC0-301F-11D3-BF4B-00C04F79EFBC}") = "Problem11", "Problem11\Problem11.csproj", "{60AA516F-B636-4C98-832E-6F858A938F5E}"
EndProject
Project("{FAE04EC0-301F-11D3-BF4B-00C04F79EFBC}") = "Problem12", "Problem12\Problem12.csproj", "{4EA0D29A-20B3-4E63-A958-51C5CE0599DC}"
EndProject
Project("{FAE04EC0-301F-11D3-BF4B-00C04F79EFBC}") = "Problem13", "Problem13\Problem13.csproj", "{A4D512C6-5645-403C-BC19-29DC3BB0D323}"
EndProject
Project("{FAE04EC0-301F-11D3-BF4B-00C04F79EFBC}") = "Problem14", "Problem14\Problem14.csproj", "{4B92496A-5C42-4C29-A3AE-68087C101AF0}"
EndProject
Project("{FAE04EC0-301F-11D3-BF4B-00C04F79EFBC}") = "Problem15", "Problem15\Problem15.csproj", "{09854D0C-BCC8-49C3-9243-153FA4AE0BA5}"
EndProject
Project("{FAE04EC0-301F-11D3-BF4B-00C04F79EFBC}") = "Problem16", "Problem16\Problem16.csproj", "{4DCAB6C4-9B19-4C9B-80C9-BE30A9A3D87F}"
EndProject
Project("{FAE04EC0-301F-11D3-BF4B-00C04F79EFBC}") = "Problem17", "Problem17\Problem17.csproj", "{FBBD6871-2803-4979-BB16-98BE91D19E44}"
EndProject
Project("{FAE04EC0-301F-11D3-BF4B-00C04F79EFBC}") = "Problem18", "Problem18\Problem18.csproj", "{FD14A796-C3F1-4384-8D2C-6D14B7F94A13}"
EndProject
Global
	GlobalSection(SolutionConfigurationPlatforms) = preSolution
		Debug|Any CPU = Debug|Any CPU
		Release|Any CPU = Release|Any CPU
	EndGlobalSection
	GlobalSection(ProjectConfigurationPlatforms) = postSolution
		{E7B53A2F-1A05-451D-A377-0A6C45C5258E}.Debug|Any CPU.ActiveCfg = Debug|Any CPU
		{E7B53A2F-1A05-451D-A377-0A6C45C5258E}.Debug|Any CPU.Build.0 = Debug|Any CPU
		{E7B53A2F-1A05-451D-A377-0A6C45C5258E}.Release|Any CPU.ActiveCfg = Release|Any CPU
		{E7B53A2F-1A05-451D-A377-0A6C45C5258E}.Release|Any CPU.Build.0 = Release|Any CPU
		{FA4BA829-51A8-4B6D-93D1-0E5CC46220E2}.Debug|Any CPU.ActiveCfg = Debug|Any CPU
		{FA4BA829-51A8-4B6D-93D1-0E5CC46220E2}.Debug|Any CPU.Build.0 = Debug|Any CPU
		{FA4BA829-51A8-4B6D-93D1-0E5CC46220E2}.Release|Any CPU.ActiveCfg = Release|Any CPU
		{FA4BA829-51A8-4B6D-93D1-0E5CC46220E2}.Release|Any CPU.Build.0 = Release|Any CPU
		{C2557B57-6D34-4782-8B41-10F1EA74AA1B}.Debug|Any CPU.ActiveCfg = Debug|Any CPU
		{C2557B57-6D34-4782-8B41-10F1EA74AA1B}.Debug|Any CPU.Build.0 = Debug|Any CPU
		{C2557B57-6D34-4782-8B41-10F1EA74AA1B}.Release|Any CPU.ActiveCfg = Release|Any CPU
		{C2557B57-6D34-4782-8B41-10F1EA74AA1B}.Release|Any CPU.Build.0 = Release|Any CPU
		{6AF19BE4-9A72-41F9-9171-6212DE2357E4}.Debug|Any CPU.ActiveCfg = Debug|Any CPU
		{6AF19BE4-9A72-41F9-9171-6212DE2357E4}.Debug|Any CPU.Build.0 = Debug|Any CPU
		{6AF19BE4-9A72-41F9-9171-6212DE2357E4}.Release|Any CPU.ActiveCfg = Release|Any CPU
		{6AF19BE4-9A72-41F9-9171-6212DE2357E4}.Release|Any CPU.Build.0 = Release|Any CPU
		{C0FCCEE8-8D0B-497C-A656-6D7C0418B455}.Debug|Any CPU.ActiveCfg = Debug|Any CPU
		{C0FCCEE8-8D0B-497C-A656-6D7C0418B455}.Debug|Any CPU.Build.0 = Debug|Any CPU
		{C0FCCEE8-8D0B-497C-A656-6D7C0418B455}.Release|Any CPU.ActiveCfg = Release|Any CPU
		{C0FCCEE8-8D0B-497C-A656-6D7C0418B455}.Release|Any CPU.Build.0 = Release|Any CPU
		{366A1A5A-7004-48EA-AD8B-07B49D74A170}.Debug|Any CPU.ActiveCfg = Debug|Any CPU
		{366A1A5A-7004-48EA-AD8B-07B49D74A170}.Debug|Any CPU.Build.0 = Debug|Any CPU
		{366A1A5A-7004-48EA-AD8B-07B49D74A170}.Release|Any CPU.ActiveCfg = Release|Any CPU
		{366A1A5A-7004-48EA-AD8B-07B49D74A170}.Release|Any CPU.Build.0 = Release|Any CPU
		{A6BF2E77-97DE-4BD7-A58D-2862EFCE9826}.Debug|Any CPU.ActiveCfg = Debug|Any CPU
		{A6BF2E77-97DE-4BD7-A58D-2862EFCE9826}.Debug|Any CPU.Build.0 = Debug|Any CPU
		{A6BF2E77-97DE-4BD7-A58D-2862EFCE9826}.Release|Any CPU.ActiveCfg = Release|Any CPU
		{A6BF2E77-97DE-4BD7-A58D-2862EFCE9826}.Release|Any CPU.Build.0 = Release|Any CPU
		{C1FEEC24-5F29-4359-934E-3AC66B9D6366}.Debug|Any CPU.ActiveCfg = Debug|Any CPU
		{C1FEEC24-5F29-4359-934E-3AC66B9D6366}.Debug|Any CPU.Build.0 = Debug|Any CPU
		{C1FEEC24-5F29-4359-934E-3AC66B9D6366}.Release|Any CPU.ActiveCfg = Release|Any CPU
		{C1FEEC24-5F29-4359-934E-3AC66B9D6366}.Release|Any CPU.Build.0 = Release|Any CPU
		{0A1857FD-801C-40B6-A5F5-6F13E22A7AD1}.Debug|Any CPU.ActiveCfg = Debug|Any CPU
		{0A1857FD-801C-40B6-A5F5-6F13E22A7AD1}.Debug|Any CPU.Build.0 = Debug|Any CPU
		{0A1857FD-801C-40B6-A5F5-6F13E22A7AD1}.Release|Any CPU.ActiveCfg = Release|Any CPU
		{0A1857FD-801C-40B6-A5F5-6F13E22A7AD1}.Release|Any CPU.Build.0 = Release|Any CPU
		{196F19A4-B456-4D91-9403-E710F15D5688}.Debug|Any CPU.ActiveCfg = Debug|Any CPU
		{196F19A4-B456-4D91-9403-E710F15D5688}.Debug|Any CPU.Build.0 = Debug|Any CPU
		{196F19A4-B456-4D91-9403-E710F15D5688}.Release|Any CPU.ActiveCfg = Release|Any CPU
		{196F19A4-B456-4D91-9403-E710F15D5688}.Release|Any CPU.Build.0 = Release|Any CPU
		{60AA516F-B636-4C98-832E-6F858A938F5E}.Debug|Any CPU.ActiveCfg = Debug|Any CPU
		{60AA516F-B636-4C98-832E-6F858A938F5E}.Debug|Any CPU.Build.0 = Debug|Any CPU
		{60AA516F-B636-4C98-832E-6F858A938F5E}.Release|Any CPU.ActiveCfg = Release|Any CPU
		{60AA516F-B636-4C98-832E-6F858A938F5E}.Release|Any CPU.Build.0 = Release|Any CPU
		{4EA0D29A-20B3-4E63-A958-51C5CE0599DC}.Debug|Any CPU.ActiveCfg = Debug|Any CPU
		{4EA0D29A-20B3-4E63-A958-51C5CE0599DC}.Debug|Any CPU.Build.0 = Debug|Any CPU
		{4EA0D29A-20B3-4E63-A958-51C5CE0599DC}.Release|Any CPU.ActiveCfg = Release|Any CPU
		{4EA0D29A-20B3-4E63-A958-51C5CE0599DC}.Release|Any CPU.Build.0 = Release|Any CPU
		{A4D512C6-5645-403C-BC19-29DC3BB0D323}.Debug|Any CPU.ActiveCfg = Debug|Any CPU
		{A4D512C6-5645-403C-BC19-29DC3BB0D323}.Debug|Any CPU.Build.0 = Debug|Any CPU
		{A4D512C6-5645-403C-BC19-29DC3BB0D323}.Release|Any CPU.ActiveCfg = Release|Any CPU
		{A4D512C6-5645-403C-BC19-29DC3BB0D323}.Release|Any CPU.Build.0 = Release|Any CPU
		{4B92496A-5C42-4C29-A3AE-68087C101AF0}.Debug|Any CPU.ActiveCfg = Debug|Any CPU
		{4B92496A-5C42-4C29-A3AE-68087C101AF0}.Debug|Any CPU.Build.0 = Debug|Any CPU
		{4B92496A-5C42-4C29-A3AE-68087C101AF0}.Release|Any CPU.ActiveCfg = Release|Any CPU
		{4B92496A-5C42-4C29-A3AE-68087C101AF0}.Release|Any CPU.Build.0 = Release|Any CPU
		{09854D0C-BCC8-49C3-9243-153FA4AE0BA5}.Debug|Any CPU.ActiveCfg = Debug|Any CPU
		{09854D0C-BCC8-49C3-9243-153FA4AE0BA5}.Debug|Any CPU.Build.0 = Debug|Any CPU
		{09854D0C-BCC8-49C3-9243-153FA4AE0BA5}.Release|Any CPU.ActiveCfg = Release|Any CPU
		{09854D0C-BCC8-49C3-9243-153FA4AE0BA5}.Release|Any CPU.Build.0 = Release|Any CPU
		{4DCAB6C4-9B19-4C9B-80C9-BE30A9A3D87F}.Debug|Any CPU.ActiveCfg = Debug|Any CPU
		{4DCAB6C4-9B19-4C9B-80C9-BE30A9A3D87F}.Debug|Any CPU.Build.0 = Debug|Any CPU
		{4DCAB6C4-9B19-4C9B-80C9-BE30A9A3D87F}.Release|Any CPU.ActiveCfg = Release|Any CPU
		{4DCAB6C4-9B19-4C9B-80C9-BE30A9A3D87F}.Release|Any CPU.Build.0 = Release|Any CPU
		{FBBD6871-2803-4979-BB16-98BE91D19E44}.Debug|Any CPU.ActiveCfg = Debug|Any CPU
		{FBBD6871-2803-4979-BB16-98BE91D19E44}.Debug|Any CPU.Build.0 = Debug|Any CPU
		{FBBD6871-2803-4979-BB16-98BE91D19E44}.Release|Any CPU.ActiveCfg = Release|Any CPU
		{FBBD6871-2803-4979-BB16-98BE91D19E44}.Release|Any CPU.Build.0 = Release|Any CPU
		{FD14A796-C3F1-4384-8D2C-6D14B7F94A13}.Debug|Any CPU.ActiveCfg = Debug|Any CPU
		{FD14A796-C3F1-4384-8D2C-6D14B7F94A13}.Debug|Any CPU.Build.0 = Debug|Any CPU
		{FD14A796-C3F1-4384-8D2C-6D14B7F94A13}.Release|Any CPU.ActiveCfg = Release|Any CPU
		{FD14A796-C3F1-4384-8D2C-6D14B7F94A13}.Release|Any CPU.Build.0 = Release|Any CPU
	EndGlobalSection
	GlobalSection(SolutionProperties) = preSolution
		HideSolutionNode = FALSE
	EndGlobalSection
EndGlobal
