
Microsoft Visual Studio Solution File, Format Version 12.00
# Visual Studio 14
VisualStudioVersion = 14.0.25420.1
MinimumVisualStudioVersion = 10.0.40219.1
Project("{FAE04EC0-301F-11D3-BF4B-00C04F79EFBC}") = "Problem1", "Problem1\Problem1.csproj", "{070BE023-F6E4-4F42-AE99-1DE08066FC7E}"
EndProject
Project("{FAE04EC0-301F-11D3-BF4B-00C04F79EFBC}") = "Problem2", "Problem2\Problem2.csproj", "{8F93A4CC-6B11-4301-A134-F10B84CA8799}"
EndProject
Project("{FAE04EC0-301F-11D3-BF4B-00C04F79EFBC}") = "Problem3", "Problem3\Problem3.csproj", "{E0A512D3-930F-43CE-838E-15F562AEF7CE}"
EndProject
Project("{FAE04EC0-301F-11D3-BF4B-00C04F79EFBC}") = "Problem4", "Problem4\Problem4.csproj", "{F319EB55-056F-4F3A-8399-B3FAACCF0C18}"
EndProject
Global
	GlobalSection(SolutionConfigurationPlatforms) = preSolution
		Debug|Any CPU = Debug|Any CPU
		Release|Any CPU = Release|Any CPU
	EndGlobalSection
	GlobalSection(ProjectConfigurationPlatforms) = postSolution
		{070BE023-F6E4-4F42-AE99-1DE08066FC7E}.Debug|Any CPU.ActiveCfg = Debug|Any CPU
		{070BE023-F6E4-4F42-AE99-1DE08066FC7E}.Debug|Any CPU.Build.0 = Debug|Any CPU
		{070BE023-F6E4-4F42-AE99-1DE08066FC7E}.Release|Any CPU.ActiveCfg = Release|Any CPU
		{070BE023-F6E4-4F42-AE99-1DE08066FC7E}.Release|Any CPU.Build.0 = Release|Any CPU
		{8F93A4CC-6B11-4301-A134-F10B84CA8799}.Debug|Any CPU.ActiveCfg = Debug|Any CPU
		{8F93A4CC-6B11-4301-A134-F10B84CA8799}.Debug|Any CPU.Build.0 = Debug|Any CPU
		{8F93A4CC-6B11-4301-A134-F10B84CA8799}.Release|Any CPU.ActiveCfg = Release|Any CPU
		{8F93A4CC-6B11-4301-A134-F10B84CA8799}.Release|Any CPU.Build.0 = Release|Any CPU
		{E0A512D3-930F-43CE-838E-15F562AEF7CE}.Debug|Any CPU.ActiveCfg = Debug|Any CPU
		{E0A512D3-930F-43CE-838E-15F562AEF7CE}.Debug|Any CPU.Build.0 = Debug|Any CPU
		{E0A512D3-930F-43CE-838E-15F562AEF7CE}.Release|Any CPU.ActiveCfg = Release|Any CPU
		{E0A512D3-930F-43CE-838E-15F562AEF7CE}.Release|Any CPU.Build.0 = Release|Any CPU
		{F319EB55-056F-4F3A-8399-B3FAACCF0C18}.Debug|Any CPU.ActiveCfg = Debug|Any CPU
		{F319EB55-056F-4F3A-8399-B3FAACCF0C18}.Debug|Any CPU.Build.0 = Debug|Any CPU
		{F319EB55-056F-4F3A-8399-B3FAACCF0C18}.Release|Any CPU.ActiveCfg = Release|Any CPU
		{F319EB55-056F-4F3A-8399-B3FAACCF0C18}.Release|Any CPU.Build.0 = Release|Any CPU
	EndGlobalSection
	GlobalSection(SolutionProperties) = preSolution
		HideSolutionNode = FALSE
	EndGlobalSection
EndGlobal
