
Microsoft Visual Studio Solution File, Format Version 12.00
# Visual Studio 14
VisualStudioVersion = 14.0.25420.1
MinimumVisualStudioVersion = 10.0.40219.1
Project("{FAE04EC0-301F-11D3-BF4B-00C04F79EFBC}") = "Problem1", "Problem1\Problem1.csproj", "{226B3221-D04D-4484-A02F-4546EC6D75F8}"
EndProject
Project("{FAE04EC0-301F-11D3-BF4B-00C04F79EFBC}") = "Problem2", "Problem2\Problem2.csproj", "{5937F846-F919-45F7-8445-0797FCF44F03}"
EndProject
Project("{FAE04EC0-301F-11D3-BF4B-00C04F79EFBC}") = "Problem3", "Problem3\Problem3.csproj", "{A6AEA7B7-5F62-4ED8-AE7F-115CDAF4EB28}"
EndProject
Project("{FAE04EC0-301F-11D3-BF4B-00C04F79EFBC}") = "Problem4", "Problem4\Problem4.csproj", "{5A34FF51-7999-4556-985A-0A56054EFB79}"
EndProject
Project("{FAE04EC0-301F-11D3-BF4B-00C04F79EFBC}") = "Problem5", "Problem5\Problem5.csproj", "{152E92CE-9E93-498E-AEF5-11E9EF4C7473}"
EndProject
Project("{FAE04EC0-301F-11D3-BF4B-00C04F79EFBC}") = "Problem6", "Problem6\Problem6.csproj", "{BAB3E734-A987-4C43-9358-3C971F138D90}"
EndProject
Project("{FAE04EC0-301F-11D3-BF4B-00C04F79EFBC}") = "Problem7", "Problem7\Problem7.csproj", "{0FC02A50-FF06-4FAA-8076-9C2878F50B57}"
EndProject
Project("{FAE04EC0-301F-11D3-BF4B-00C04F79EFBC}") = "Problem8", "Problem8\Problem8.csproj", "{8ED1A6E7-D6B3-4754-AA13-EDF4DA18F5FE}"
EndProject
Project("{FAE04EC0-301F-11D3-BF4B-00C04F79EFBC}") = "Problem9", "Problem9\Problem9.csproj", "{F5E930F9-FB01-40D6-915A-3EEC160ED602}"
EndProject
Project("{FAE04EC0-301F-11D3-BF4B-00C04F79EFBC}") = "Problem10", "Problem10\Problem10.csproj", "{C33A7DFE-F6B4-4E41-A9B8-03EA978EB6CC}"
EndProject
Project("{FAE04EC0-301F-11D3-BF4B-00C04F79EFBC}") = "Problem11", "Problem11\Problem11.csproj", "{4236B0E3-FD6D-4850-B0BA-4C0B428CB129}"
EndProject
Project("{FAE04EC0-301F-11D3-BF4B-00C04F79EFBC}") = "Problem12", "Problem12\Problem12.csproj", "{0A372783-A7C1-4A76-A74B-9ED925F14610}"
EndProject
Project("{FAE04EC0-301F-11D3-BF4B-00C04F79EFBC}") = "Problem13", "Problem13\Problem13.csproj", "{97687D2C-13F3-4E2A-B8E5-24987EB72C30}"
EndProject
Project("{FAE04EC0-301F-11D3-BF4B-00C04F79EFBC}") = "Problem14", "Problem14\Problem14.csproj", "{E88A8A90-EB99-471D-878D-75CCEAC47409}"
EndProject
Project("{FAE04EC0-301F-11D3-BF4B-00C04F79EFBC}") = "Problem15", "Problem15\Problem15.csproj", "{014ABF17-6960-40A2-AB4D-8EB988109A6A}"
EndProject
Project("{FAE04EC0-301F-11D3-BF4B-00C04F79EFBC}") = "Problem16", "Problem16\Problem16.csproj", "{DDE08631-EBB6-41AC-8613-2A344C3D53D4}"
EndProject
Project("{FAE04EC0-301F-11D3-BF4B-00C04F79EFBC}") = "Problem17", "Problem 17\Problem17.csproj", "{FB7E1D01-1FCA-403A-9FDF-F8AC2478A882}"
EndProject
Project("{FAE04EC0-301F-11D3-BF4B-00C04F79EFBC}") = "Problem18", "Problem18\Problem18.csproj", "{37DBCEB6-0371-44A2-A680-0DD00CD057DB}"
EndProject
Project("{FAE04EC0-301F-11D3-BF4B-00C04F79EFBC}") = "Problem19", "Problem19\Problem19.csproj", "{90376885-0CE2-40B1-9E5C-2D55FD12F159}"
EndProject
Global
	GlobalSection(SolutionConfigurationPlatforms) = preSolution
		Debug|Any CPU = Debug|Any CPU
		Release|Any CPU = Release|Any CPU
	EndGlobalSection
	GlobalSection(ProjectConfigurationPlatforms) = postSolution
		{226B3221-D04D-4484-A02F-4546EC6D75F8}.Debug|Any CPU.ActiveCfg = Debug|Any CPU
		{226B3221-D04D-4484-A02F-4546EC6D75F8}.Debug|Any CPU.Build.0 = Debug|Any CPU
		{226B3221-D04D-4484-A02F-4546EC6D75F8}.Release|Any CPU.ActiveCfg = Release|Any CPU
		{226B3221-D04D-4484-A02F-4546EC6D75F8}.Release|Any CPU.Build.0 = Release|Any CPU
		{5937F846-F919-45F7-8445-0797FCF44F03}.Debug|Any CPU.ActiveCfg = Debug|Any CPU
		{5937F846-F919-45F7-8445-0797FCF44F03}.Debug|Any CPU.Build.0 = Debug|Any CPU
		{5937F846-F919-45F7-8445-0797FCF44F03}.Release|Any CPU.ActiveCfg = Release|Any CPU
		{5937F846-F919-45F7-8445-0797FCF44F03}.Release|Any CPU.Build.0 = Release|Any CPU
		{A6AEA7B7-5F62-4ED8-AE7F-115CDAF4EB28}.Debug|Any CPU.ActiveCfg = Debug|Any CPU
		{A6AEA7B7-5F62-4ED8-AE7F-115CDAF4EB28}.Debug|Any CPU.Build.0 = Debug|Any CPU
		{A6AEA7B7-5F62-4ED8-AE7F-115CDAF4EB28}.Release|Any CPU.ActiveCfg = Release|Any CPU
		{A6AEA7B7-5F62-4ED8-AE7F-115CDAF4EB28}.Release|Any CPU.Build.0 = Release|Any CPU
		{5A34FF51-7999-4556-985A-0A56054EFB79}.Debug|Any CPU.ActiveCfg = Debug|Any CPU
		{5A34FF51-7999-4556-985A-0A56054EFB79}.Debug|Any CPU.Build.0 = Debug|Any CPU
		{5A34FF51-7999-4556-985A-0A56054EFB79}.Release|Any CPU.ActiveCfg = Release|Any CPU
		{5A34FF51-7999-4556-985A-0A56054EFB79}.Release|Any CPU.Build.0 = Release|Any CPU
		{152E92CE-9E93-498E-AEF5-11E9EF4C7473}.Debug|Any CPU.ActiveCfg = Debug|Any CPU
		{152E92CE-9E93-498E-AEF5-11E9EF4C7473}.Debug|Any CPU.Build.0 = Debug|Any CPU
		{152E92CE-9E93-498E-AEF5-11E9EF4C7473}.Release|Any CPU.ActiveCfg = Release|Any CPU
		{152E92CE-9E93-498E-AEF5-11E9EF4C7473}.Release|Any CPU.Build.0 = Release|Any CPU
		{BAB3E734-A987-4C43-9358-3C971F138D90}.Debug|Any CPU.ActiveCfg = Debug|Any CPU
		{BAB3E734-A987-4C43-9358-3C971F138D90}.Debug|Any CPU.Build.0 = Debug|Any CPU
		{BAB3E734-A987-4C43-9358-3C971F138D90}.Release|Any CPU.ActiveCfg = Release|Any CPU
		{BAB3E734-A987-4C43-9358-3C971F138D90}.Release|Any CPU.Build.0 = Release|Any CPU
		{0FC02A50-FF06-4FAA-8076-9C2878F50B57}.Debug|Any CPU.ActiveCfg = Debug|Any CPU
		{0FC02A50-FF06-4FAA-8076-9C2878F50B57}.Debug|Any CPU.Build.0 = Debug|Any CPU
		{0FC02A50-FF06-4FAA-8076-9C2878F50B57}.Release|Any CPU.ActiveCfg = Release|Any CPU
		{0FC02A50-FF06-4FAA-8076-9C2878F50B57}.Release|Any CPU.Build.0 = Release|Any CPU
		{8ED1A6E7-D6B3-4754-AA13-EDF4DA18F5FE}.Debug|Any CPU.ActiveCfg = Debug|Any CPU
		{8ED1A6E7-D6B3-4754-AA13-EDF4DA18F5FE}.Debug|Any CPU.Build.0 = Debug|Any CPU
		{8ED1A6E7-D6B3-4754-AA13-EDF4DA18F5FE}.Release|Any CPU.ActiveCfg = Release|Any CPU
		{8ED1A6E7-D6B3-4754-AA13-EDF4DA18F5FE}.Release|Any CPU.Build.0 = Release|Any CPU
		{F5E930F9-FB01-40D6-915A-3EEC160ED602}.Debug|Any CPU.ActiveCfg = Debug|Any CPU
		{F5E930F9-FB01-40D6-915A-3EEC160ED602}.Debug|Any CPU.Build.0 = Debug|Any CPU
		{F5E930F9-FB01-40D6-915A-3EEC160ED602}.Release|Any CPU.ActiveCfg = Release|Any CPU
		{F5E930F9-FB01-40D6-915A-3EEC160ED602}.Release|Any CPU.Build.0 = Release|Any CPU
		{C33A7DFE-F6B4-4E41-A9B8-03EA978EB6CC}.Debug|Any CPU.ActiveCfg = Debug|Any CPU
		{C33A7DFE-F6B4-4E41-A9B8-03EA978EB6CC}.Debug|Any CPU.Build.0 = Debug|Any CPU
		{C33A7DFE-F6B4-4E41-A9B8-03EA978EB6CC}.Release|Any CPU.ActiveCfg = Release|Any CPU
		{C33A7DFE-F6B4-4E41-A9B8-03EA978EB6CC}.Release|Any CPU.Build.0 = Release|Any CPU
		{4236B0E3-FD6D-4850-B0BA-4C0B428CB129}.Debug|Any CPU.ActiveCfg = Debug|Any CPU
		{4236B0E3-FD6D-4850-B0BA-4C0B428CB129}.Debug|Any CPU.Build.0 = Debug|Any CPU
		{4236B0E3-FD6D-4850-B0BA-4C0B428CB129}.Release|Any CPU.ActiveCfg = Release|Any CPU
		{4236B0E3-FD6D-4850-B0BA-4C0B428CB129}.Release|Any CPU.Build.0 = Release|Any CPU
		{0A372783-A7C1-4A76-A74B-9ED925F14610}.Debug|Any CPU.ActiveCfg = Debug|Any CPU
		{0A372783-A7C1-4A76-A74B-9ED925F14610}.Debug|Any CPU.Build.0 = Debug|Any CPU
		{0A372783-A7C1-4A76-A74B-9ED925F14610}.Release|Any CPU.ActiveCfg = Release|Any CPU
		{0A372783-A7C1-4A76-A74B-9ED925F14610}.Release|Any CPU.Build.0 = Release|Any CPU
		{97687D2C-13F3-4E2A-B8E5-24987EB72C30}.Debug|Any CPU.ActiveCfg = Debug|Any CPU
		{97687D2C-13F3-4E2A-B8E5-24987EB72C30}.Debug|Any CPU.Build.0 = Debug|Any CPU
		{97687D2C-13F3-4E2A-B8E5-24987EB72C30}.Release|Any CPU.ActiveCfg = Release|Any CPU
		{97687D2C-13F3-4E2A-B8E5-24987EB72C30}.Release|Any CPU.Build.0 = Release|Any CPU
		{E88A8A90-EB99-471D-878D-75CCEAC47409}.Debug|Any CPU.ActiveCfg = Debug|Any CPU
		{E88A8A90-EB99-471D-878D-75CCEAC47409}.Debug|Any CPU.Build.0 = Debug|Any CPU
		{E88A8A90-EB99-471D-878D-75CCEAC47409}.Release|Any CPU.ActiveCfg = Release|Any CPU
		{E88A8A90-EB99-471D-878D-75CCEAC47409}.Release|Any CPU.Build.0 = Release|Any CPU
		{014ABF17-6960-40A2-AB4D-8EB988109A6A}.Debug|Any CPU.ActiveCfg = Debug|Any CPU
		{014ABF17-6960-40A2-AB4D-8EB988109A6A}.Debug|Any CPU.Build.0 = Debug|Any CPU
		{014ABF17-6960-40A2-AB4D-8EB988109A6A}.Release|Any CPU.ActiveCfg = Release|Any CPU
		{014ABF17-6960-40A2-AB4D-8EB988109A6A}.Release|Any CPU.Build.0 = Release|Any CPU
		{DDE08631-EBB6-41AC-8613-2A344C3D53D4}.Debug|Any CPU.ActiveCfg = Debug|Any CPU
		{DDE08631-EBB6-41AC-8613-2A344C3D53D4}.Debug|Any CPU.Build.0 = Debug|Any CPU
		{DDE08631-EBB6-41AC-8613-2A344C3D53D4}.Release|Any CPU.ActiveCfg = Release|Any CPU
		{DDE08631-EBB6-41AC-8613-2A344C3D53D4}.Release|Any CPU.Build.0 = Release|Any CPU
		{FB7E1D01-1FCA-403A-9FDF-F8AC2478A882}.Debug|Any CPU.ActiveCfg = Debug|Any CPU
		{FB7E1D01-1FCA-403A-9FDF-F8AC2478A882}.Debug|Any CPU.Build.0 = Debug|Any CPU
		{FB7E1D01-1FCA-403A-9FDF-F8AC2478A882}.Release|Any CPU.ActiveCfg = Release|Any CPU
		{FB7E1D01-1FCA-403A-9FDF-F8AC2478A882}.Release|Any CPU.Build.0 = Release|Any CPU
		{37DBCEB6-0371-44A2-A680-0DD00CD057DB}.Debug|Any CPU.ActiveCfg = Debug|Any CPU
		{37DBCEB6-0371-44A2-A680-0DD00CD057DB}.Debug|Any CPU.Build.0 = Debug|Any CPU
		{37DBCEB6-0371-44A2-A680-0DD00CD057DB}.Release|Any CPU.ActiveCfg = Release|Any CPU
		{37DBCEB6-0371-44A2-A680-0DD00CD057DB}.Release|Any CPU.Build.0 = Release|Any CPU
		{90376885-0CE2-40B1-9E5C-2D55FD12F159}.Debug|Any CPU.ActiveCfg = Debug|Any CPU
		{90376885-0CE2-40B1-9E5C-2D55FD12F159}.Debug|Any CPU.Build.0 = Debug|Any CPU
		{90376885-0CE2-40B1-9E5C-2D55FD12F159}.Release|Any CPU.ActiveCfg = Release|Any CPU
		{90376885-0CE2-40B1-9E5C-2D55FD12F159}.Release|Any CPU.Build.0 = Release|Any CPU
	EndGlobalSection
	GlobalSection(SolutionProperties) = preSolution
		HideSolutionNode = FALSE
	EndGlobalSection
EndGlobal
